# This is a Gradle generated file for dependency locking.
# Manual edits can break the build and are not advised.
# This file is expected to be part of source control.
antlr:antlr:2.7.7=compileClasspath
bouncycastle:bcmail-jdk14:138=compileClasspath
bouncycastle:bcprov-jdk14:138=compileClasspath
bouncycastle:bctsp-jdk14:138=compileClasspath
com.formdev:flatlaf:3.2.5=compileClasspath
com.github.Milchreis:UiBooster:1.20.1=compileClasspath
com.github.ajalt.colormath:colormath-jvm:3.4.0=compileClasspath
com.github.ajalt.colormath:colormath:3.4.0=compileClasspath
com.github.micycle1:processing-core-4:4.3=compileClasspath
com.jhlabs:filters:2.0.235=compileClasspath
com.lowagie:itext:2.1.7=compileClasspath
commons-io:commons-io:1.3.1=compileClasspath
commons-logging:commons-logging:1.0.4=compileClasspath
org.apache.xmlgraphics:batik-awt-util:1.16=compileClasspath
org.apache.xmlgraphics:batik-constants:1.16=compileClasspath
org.apache.xmlgraphics:batik-css:1.16=compileClasspath
org.apache.xmlgraphics:batik-dom:1.16=compileClasspath
org.apache.xmlgraphics:batik-ext:1.16=compileClasspath
org.apache.xmlgraphics:batik-i18n:1.16=compileClasspath
org.apache.xmlgraphics:batik-shared-resources:1.16=compileClasspath
org.apache.xmlgraphics:batik-svggen:1.16=compileClasspath
org.apache.xmlgraphics:batik-util:1.16=compileClasspath
org.apache.xmlgraphics:batik-xml:1.16=compileClasspath
org.apache.xmlgraphics:xmlgraphics-commons:2.7=compileClasspath
org.bouncycastle:bcmail-jdk14:1.38=compileClasspath
org.bouncycastle:bcprov-jdk14:1.38=compileClasspath
org.bouncycastle:bctsp-jdk14:1.38=compileClasspath
org.drjekyll:colorpicker:1.4.5=compileClasspath
org.drjekyll:fontchooser:2.5.2=compileClasspath
org.jetbrains.kotlin:kotlin-stdlib:1.9.23=compileClasspath
org.jetbrains:annotations:13.0=compileClasspath
org.jogamp.gluegen:gluegen-rt-main:2.5.0-rc-20230523=compileClasspath
org.jogamp.gluegen:gluegen-rt:2.5.0-rc-20230523=compileClasspath
org.jogamp.jogl:jogl-all-main:2.5.0-rc-20230523=compileClasspath
org.jogamp.jogl:jogl-all:2.5.0-rc-20230523=compileClasspath
org.openjfx:javafx-base:19.0.2.1=compileClasspath
org.openjfx:javafx-controls:19.0.2.1=compileClasspath
org.openjfx:javafx-graphics:19.0.2.1=compileClasspath
org.slf4j:slf4j-api:2.0.6=compileClasspath
org.swinglabs:swing-worker:1.1=compileClasspath
org.swinglabs:swingx:1.6.1=compileClasspath
xml-apis:xml-apis-ext:1.3.04=compileClasspath
empty=
